
Microsoft Visual Studio Solution File, Format Version 12.00
# Visual Studio Version 16
VisualStudioVersion = 16.0.31410.357
MinimumVisualStudioVersion = 10.0.40219.1
Project("{FAE04EC0-301F-11D3-BF4B-00C04F79EFBC}") = "Investor", "Investor\Investor.csproj", "{975D2868-3E10-4839-8321-06EE12A57C37}"
EndProject
Project("{FAE04EC0-301F-11D3-BF4B-00C04F79EFBC}") = "ApiConnection", "ApiConnection\ApiConnection.csproj", "{D504C09F-92A6-43B7-B3CB-EACC8ED0205E}"
EndProject
Global
	GlobalSection(SolutionConfigurationPlatforms) = preSolution
		Debug|Any CPU = Debug|Any CPU
		Release|Any CPU = Release|Any CPU
	EndGlobalSection
	GlobalSection(ProjectConfigurationPlatforms) = postSolution
		{975D2868-3E10-4839-8321-06EE12A57C37}.Debug|Any CPU.ActiveCfg = Debug|Any CPU
		{975D2868-3E10-4839-8321-06EE12A57C37}.Debug|Any CPU.Build.0 = Debug|Any CPU
		{975D2868-3E10-4839-8321-06EE12A57C37}.Release|Any CPU.ActiveCfg = Release|Any CPU
		{975D2868-3E10-4839-8321-06EE12A57C37}.Release|Any CPU.Build.0 = Release|Any CPU
		{D504C09F-92A6-43B7-B3CB-EACC8ED0205E}.Debug|Any CPU.ActiveCfg = Debug|Any CPU
		{D504C09F-92A6-43B7-B3CB-EACC8ED0205E}.Debug|Any CPU.Build.0 = Debug|Any CPU
		{D504C09F-92A6-43B7-B3CB-EACC8ED0205E}.Release|Any CPU.ActiveCfg = Release|Any CPU
		{D504C09F-92A6-43B7-B3CB-EACC8ED0205E}.Release|Any CPU.Build.0 = Release|Any CPU
	EndGlobalSection
	GlobalSection(SolutionProperties) = preSolution
		HideSolutionNode = FALSE
	EndGlobalSection
	GlobalSection(ExtensibilityGlobals) = postSolution
		SolutionGuid = {3CC02ECC-7B64-46BE-AC8B-1001D1C1D0EB}
	EndGlobalSection
EndGlobal
